
Microsoft Visual Studio Solution File, Format Version 12.00
# Visual Studio Version 17
VisualStudioVersion = 17.6.33815.320
MinimumVisualStudioVersion = 10.0.40219.1
Project("{FAE04EC0-301F-11D3-BF4B-00C04F79EFBC}") = "Társas", "Társas\Társas.csproj", "{DF680FF3-814B-4E0E-B168-BA9BE43C9FE7}"
EndProject
Global
	GlobalSection(SolutionConfigurationPlatforms) = preSolution
		Debug|Any CPU = Debug|Any CPU
		Release|Any CPU = Release|Any CPU
	EndGlobalSection
	GlobalSection(ProjectConfigurationPlatforms) = postSolution
		{DF680FF3-814B-4E0E-B168-BA9BE43C9FE7}.Debug|Any CPU.ActiveCfg = Debug|Any CPU
		{DF680FF3-814B-4E0E-B168-BA9BE43C9FE7}.Debug|Any CPU.Build.0 = Debug|Any CPU
		{DF680FF3-814B-4E0E-B168-BA9BE43C9FE7}.Release|Any CPU.ActiveCfg = Release|Any CPU
		{DF680FF3-814B-4E0E-B168-BA9BE43C9FE7}.Release|Any CPU.Build.0 = Release|Any CPU
	EndGlobalSection
	GlobalSection(SolutionProperties) = preSolution
		HideSolutionNode = FALSE
	EndGlobalSection
	GlobalSection(ExtensibilityGlobals) = postSolution
		SolutionGuid = {44BE73B6-51D0-4C58-8E7E-A3E9C22AE556}
	EndGlobalSection
EndGlobal
